
Microsoft Visual Studio Solution File, Format Version 12.00
# Visual Studio Version 17
VisualStudioVersion = 17.6.33829.357
MinimumVisualStudioVersion = 10.0.40219.1
Project("{9A19103F-16F7-4668-BE54-9A1E7A4F7556}") = "Beon.MyBeon.Middleware", "Beon.MyBeon.Middleware\Beon.MyBeon.Middleware.csproj", "{D6E438F4-A5B5-4310-BE9A-DC30967D8B55}"
EndProject
Project("{FAE04EC0-301F-11D3-BF4B-00C04F79EFBC}") = "Beon.MyBeon.Middleware.Test", "Beon.MyBeon.Middleware.Test\Beon.MyBeon.Middleware.Test.csproj", "{BF625894-A705-44E6-8C2D-98FD2EA1994B}"
EndProject
Global
	GlobalSection(SolutionConfigurationPlatforms) = preSolution
		Debug|Any CPU = Debug|Any CPU
		Release|Any CPU = Release|Any CPU
	EndGlobalSection
	GlobalSection(ProjectConfigurationPlatforms) = postSolution
		{D6E438F4-A5B5-4310-BE9A-DC30967D8B55}.Debug|Any CPU.ActiveCfg = Debug|Any CPU
		{D6E438F4-A5B5-4310-BE9A-DC30967D8B55}.Debug|Any CPU.Build.0 = Debug|Any CPU
		{D6E438F4-A5B5-4310-BE9A-DC30967D8B55}.Release|Any CPU.ActiveCfg = Release|Any CPU
		{D6E438F4-A5B5-4310-BE9A-DC30967D8B55}.Release|Any CPU.Build.0 = Release|Any CPU
		{BF625894-A705-44E6-8C2D-98FD2EA1994B}.Debug|Any CPU.ActiveCfg = Debug|Any CPU
		{BF625894-A705-44E6-8C2D-98FD2EA1994B}.Debug|Any CPU.Build.0 = Debug|Any CPU
		{BF625894-A705-44E6-8C2D-98FD2EA1994B}.Release|Any CPU.ActiveCfg = Release|Any CPU
		{BF625894-A705-44E6-8C2D-98FD2EA1994B}.Release|Any CPU.Build.0 = Release|Any CPU
	EndGlobalSection
	GlobalSection(SolutionProperties) = preSolution
		HideSolutionNode = FALSE
	EndGlobalSection
	GlobalSection(ExtensibilityGlobals) = postSolution
		SolutionGuid = {DBE31629-763B-4239-B575-A18C07698186}
	EndGlobalSection
EndGlobal
